
Microsoft Visual Studio Solution File, Format Version 11.00
# Visual Studio 2010
Project("{FAE04EC0-301F-11D3-BF4B-00C04F79EFBC}") = "XSKtWEBSERVICE", "XSKtWEBSERVICE\XSKtWEBSERVICE.csproj", "{45CB5BB5-5DB7-486E-A58E-9FDB0FBB6007}"
EndProject
Global
	GlobalSection(SolutionConfigurationPlatforms) = preSolution
		Debug|Any CPU = Debug|Any CPU
		Release|Any CPU = Release|Any CPU
	EndGlobalSection
	GlobalSection(ProjectConfigurationPlatforms) = postSolution
		{45CB5BB5-5DB7-486E-A58E-9FDB0FBB6007}.Debug|Any CPU.ActiveCfg = Debug|Any CPU
		{45CB5BB5-5DB7-486E-A58E-9FDB0FBB6007}.Debug|Any CPU.Build.0 = Debug|Any CPU
		{45CB5BB5-5DB7-486E-A58E-9FDB0FBB6007}.Release|Any CPU.ActiveCfg = Release|Any CPU
		{45CB5BB5-5DB7-486E-A58E-9FDB0FBB6007}.Release|Any CPU.Build.0 = Release|Any CPU
	EndGlobalSection
	GlobalSection(SolutionProperties) = preSolution
		HideSolutionNode = FALSE
	EndGlobalSection
EndGlobal
